
Microsoft Visual Studio Solution File, Format Version 12.00
# Visual Studio Version 17
VisualStudioVersion = 17.7.34031.279
MinimumVisualStudioVersion = 10.0.40219.1
Project("{FAE04EC0-301F-11D3-BF4B-00C04F79EFBC}") = "IPC.API", "IPC.API.csproj", "{11353821-A3BF-4068-A6AC-BE62BD819A1F}"
EndProject
Global
	GlobalSection(SolutionConfigurationPlatforms) = preSolution
		Debug|Any CPU = Debug|Any CPU
		Release|Any CPU = Release|Any CPU
	EndGlobalSection
	GlobalSection(ProjectConfigurationPlatforms) = postSolution
		{11353821-A3BF-4068-A6AC-BE62BD819A1F}.Debug|Any CPU.ActiveCfg = Debug|Any CPU
		{11353821-A3BF-4068-A6AC-BE62BD819A1F}.Debug|Any CPU.Build.0 = Debug|Any CPU
		{11353821-A3BF-4068-A6AC-BE62BD819A1F}.Release|Any CPU.ActiveCfg = Release|Any CPU
		{11353821-A3BF-4068-A6AC-BE62BD819A1F}.Release|Any CPU.Build.0 = Release|Any CPU
	EndGlobalSection
	GlobalSection(SolutionProperties) = preSolution
		HideSolutionNode = FALSE
	EndGlobalSection
	GlobalSection(ExtensibilityGlobals) = postSolution
		SolutionGuid = {26288041-8468-4ECF-A650-DE0E739AEA6D}
	EndGlobalSection
EndGlobal
